
Microsoft Visual Studio Solution File, Format Version 12.00
# Visual Studio 2013
VisualStudioVersion = 12.0.30723.0
MinimumVisualStudioVersion = 10.0.40219.1
Project("{FAE04EC0-301F-11D3-BF4B-00C04F79EFBC}") = "ZooRota.Ui", "ZooRota.Ui.csproj", "{1B96D273-946E-4534-84D4-79E918FB58A8}"
EndProject
Project("{FAE04EC0-301F-11D3-BF4B-00C04F79EFBC}") = "ZooRota.Domain", "ZooRota.Domain\ZooRota.Domain.csproj", "{79621507-AB71-4D33-A8B2-474EBF67C5BC}"
EndProject
Project("{FAE04EC0-301F-11D3-BF4B-00C04F79EFBC}") = "ZooRota.Persistence", "ZooRota.Persistence\ZooRota.Persistence.csproj", "{6F546935-320F-4847-B4B7-922CE664E827}"
EndProject
Global
	GlobalSection(SolutionConfigurationPlatforms) = preSolution
		Debug|Any CPU = Debug|Any CPU
		Release|Any CPU = Release|Any CPU
	EndGlobalSection
	GlobalSection(ProjectConfigurationPlatforms) = postSolution
		{1B96D273-946E-4534-84D4-79E918FB58A8}.Debug|Any CPU.ActiveCfg = Debug|Any CPU
		{1B96D273-946E-4534-84D4-79E918FB58A8}.Debug|Any CPU.Build.0 = Debug|Any CPU
		{1B96D273-946E-4534-84D4-79E918FB58A8}.Release|Any CPU.ActiveCfg = Release|Any CPU
		{1B96D273-946E-4534-84D4-79E918FB58A8}.Release|Any CPU.Build.0 = Release|Any CPU
		{79621507-AB71-4D33-A8B2-474EBF67C5BC}.Debug|Any CPU.ActiveCfg = Debug|Any CPU
		{79621507-AB71-4D33-A8B2-474EBF67C5BC}.Debug|Any CPU.Build.0 = Debug|Any CPU
		{79621507-AB71-4D33-A8B2-474EBF67C5BC}.Release|Any CPU.ActiveCfg = Release|Any CPU
		{79621507-AB71-4D33-A8B2-474EBF67C5BC}.Release|Any CPU.Build.0 = Release|Any CPU
		{6F546935-320F-4847-B4B7-922CE664E827}.Debug|Any CPU.ActiveCfg = Debug|Any CPU
		{6F546935-320F-4847-B4B7-922CE664E827}.Debug|Any CPU.Build.0 = Debug|Any CPU
		{6F546935-320F-4847-B4B7-922CE664E827}.Release|Any CPU.ActiveCfg = Release|Any CPU
		{6F546935-320F-4847-B4B7-922CE664E827}.Release|Any CPU.Build.0 = Release|Any CPU
	EndGlobalSection
	GlobalSection(SolutionProperties) = preSolution
		HideSolutionNode = FALSE
	EndGlobalSection
EndGlobal
